PODS:
  - QoCCalendar (2.1.11)

DEPENDENCIES:
  - QoCCalendar (from `/Users/kenneth.yip/development/ios/external-library-ios-Calendar/`)

EXTERNAL SOURCES:
  QoCCalendar:
    :path: "/Users/kenneth.yip/development/ios/external-library-ios-Calendar/"

SPEC CHECKSUMS:
  QoCCalendar: 91066a27a87265e8803b830fb33ccb26f005e377

PODFILE CHECKSUM: 001252c93b04c48592bf28028357fdabab00e7a9

COCOAPODS: 1.1.1
